
Microsoft Visual Studio Solution File, Format Version 12.00
# Visual Studio Version 17
VisualStudioVersion = 17.4.33403.182
MinimumVisualStudioVersion = 10.0.40219.1
Project("{FAE04EC0-301F-11D3-BF4B-00C04F79EFBC}") = "Clock-Angle-Assignment", "Clock-Angle-Assignment.csproj", "{40DA6EB6-E47E-463E-8D9C-0148C03C5921}"
EndProject
Global
	GlobalSection(SolutionConfigurationPlatforms) = preSolution
		Debug|Any CPU = Debug|Any CPU
		Release|Any CPU = Release|Any CPU
	EndGlobalSection
	GlobalSection(ProjectConfigurationPlatforms) = postSolution
		{40DA6EB6-E47E-463E-8D9C-0148C03C5921}.Debug|Any CPU.ActiveCfg = Debug|Any CPU
		{40DA6EB6-E47E-463E-8D9C-0148C03C5921}.Debug|Any CPU.Build.0 = Debug|Any CPU
		{40DA6EB6-E47E-463E-8D9C-0148C03C5921}.Release|Any CPU.ActiveCfg = Release|Any CPU
		{40DA6EB6-E47E-463E-8D9C-0148C03C5921}.Release|Any CPU.Build.0 = Release|Any CPU
	EndGlobalSection
	GlobalSection(SolutionProperties) = preSolution
		HideSolutionNode = FALSE
	EndGlobalSection
	GlobalSection(ExtensibilityGlobals) = postSolution
		SolutionGuid = {2EE07643-318F-4616-A2FF-D37C7E647385}
	EndGlobalSection
EndGlobal
